
Microsoft Visual Studio Solution File, Format Version 12.00
# Visual Studio Version 17
VisualStudioVersion = 17.11.35312.102
MinimumVisualStudioVersion = 10.0.40219.1
Project("{9A19103F-16F7-4668-BE54-9A1E7A4F7556}") = "BookApp.WEB", "BookApp.WEB.csproj", "{95EBFE9B-8248-494B-AB26-1D7194F94570}"
EndProject
Global
	GlobalSection(SolutionConfigurationPlatforms) = preSolution
		Debug|Any CPU = Debug|Any CPU
		Release|Any CPU = Release|Any CPU
	EndGlobalSection
	GlobalSection(ProjectConfigurationPlatforms) = postSolution
		{95EBFE9B-8248-494B-AB26-1D7194F94570}.Debug|Any CPU.ActiveCfg = Debug|Any CPU
		{95EBFE9B-8248-494B-AB26-1D7194F94570}.Debug|Any CPU.Build.0 = Debug|Any CPU
		{95EBFE9B-8248-494B-AB26-1D7194F94570}.Release|Any CPU.ActiveCfg = Release|Any CPU
		{95EBFE9B-8248-494B-AB26-1D7194F94570}.Release|Any CPU.Build.0 = Release|Any CPU
	EndGlobalSection
	GlobalSection(SolutionProperties) = preSolution
		HideSolutionNode = FALSE
	EndGlobalSection
	GlobalSection(ExtensibilityGlobals) = postSolution
		SolutionGuid = {E3CFD98D-8BB2-41B8-B603-C6619D4BF8BE}
	EndGlobalSection
EndGlobal
