
Microsoft Visual Studio Solution File, Format Version 12.00
# Visual Studio Version 17
VisualStudioVersion = 17.11.35312.102
MinimumVisualStudioVersion = 10.0.40219.1
Project("{FAE04EC0-301F-11D3-BF4B-00C04F79EFBC}") = "BooksApp", "BooksApp\BooksApp.csproj", "{3ECF6E65-7E95-4337-841F-A47176E16BFB}"
EndProject
Global
	GlobalSection(SolutionConfigurationPlatforms) = preSolution
		Debug|Any CPU = Debug|Any CPU
		Release|Any CPU = Release|Any CPU
	EndGlobalSection
	GlobalSection(ProjectConfigurationPlatforms) = postSolution
		{3ECF6E65-7E95-4337-841F-A47176E16BFB}.Debug|Any CPU.ActiveCfg = Debug|Any CPU
		{3ECF6E65-7E95-4337-841F-A47176E16BFB}.Debug|Any CPU.Build.0 = Debug|Any CPU
		{3ECF6E65-7E95-4337-841F-A47176E16BFB}.Release|Any CPU.ActiveCfg = Release|Any CPU
		{3ECF6E65-7E95-4337-841F-A47176E16BFB}.Release|Any CPU.Build.0 = Release|Any CPU
	EndGlobalSection
	GlobalSection(SolutionProperties) = preSolution
		HideSolutionNode = FALSE
	EndGlobalSection
	GlobalSection(ExtensibilityGlobals) = postSolution
		SolutionGuid = {3FDF3CEE-C0CD-4BBE-96B5-330ABA9B5F26}
	EndGlobalSection
EndGlobal
